# This file is autogenerated, do not edit; changes may be undone by the next 'dep ensure'.


[[projects]]
  branch = "master"
  name = "github.com/bdlm/errors"
  packages = ["."]
  revision = "4261cfedec68315454b163ae305cd34ecfc8b059"

[[projects]]
  branch = "master"
  name = "github.com/bdlm/logfmt"
  packages = ["."]
  revision = "061d503afb4df639d1997252d3dc97a01fbb8c85"

[[projects]]
  branch = "modeling"
  name = "github.com/bdlm/std"
  packages = ["."]
  revision = "3b94f024047b16c0daf540f91aea6dd0f5a8305c"

[[projects]]
  name = "github.com/sirupsen/logrus"
  packages = ["."]
  revision = "c155da19408a8799da419ed3eeb0cb5db0ad5dbc"
  version = "v1.0.5"

[[projects]]
  name = "github.com/spf13/cast"
  packages = ["."]
  revision = "8965335b8c7107321228e3e3702cab9832751bac"
  version = "v1.2.0"

[[projects]]
  branch = "master"
  name = "golang.org/x/crypto"
  packages = ["ssh/terminal"]
  revision = "a49355c7e3f8fe157a85be2f77e6e269a0f89602"

[[projects]]
  branch = "master"
  name = "golang.org/x/sys"
  packages = [
    "unix",
    "windows"
  ]
  revision = "7138fd3d9dc8335c567ca206f4333fb75eb05d56"

[solve-meta]
  analyzer-name = "dep"
  analyzer-version = 1
  inputs-digest = "5e5c4457307c961943265d5ed31377c1566d2c263f936bdc017bca4cb7ff9400"
  solver-name = "gps-cdcl"
  solver-version = 1
